
Microsoft Visual Studio Solution File, Format Version 11.00
# Visual Studio 2010
Project("{FAE04EC0-301F-11D3-BF4B-00C04F79EFBC}") = "Assembly-CSharp", "Assembly-CSharp.csproj", "{fc853d36-0f3b-d521-4df8-c7ebc3f14585}"
EndProject
Project("{FAE04EC0-301F-11D3-BF4B-00C04F79EFBC}") = "Assembly-CSharp-Editor", "Assembly-CSharp-Editor.csproj", "{4b6e45c7-9a80-f7f7-c136-9de81dc019b9}"
EndProject
Project("{FAE04EC0-301F-11D3-BF4B-00C04F79EFBC}") = "GoogleMobileAds.Editor", "GoogleMobileAds.Editor.csproj", "{fb4ce573-ad2b-4b96-2f54-793e741d8963}"
EndProject
Global
	GlobalSection(SolutionConfigurationPlatforms) = preSolution
		Debug|Any CPU = Debug|Any CPU
	EndGlobalSection
	GlobalSection(ProjectConfigurationPlatforms) = postSolution
		{fc853d36-0f3b-d521-4df8-c7ebc3f14585}.Debug|Any CPU.ActiveCfg = Debug|Any CPU
		{fc853d36-0f3b-d521-4df8-c7ebc3f14585}.Debug|Any CPU.Build.0 = Debug|Any CPU
		{4b6e45c7-9a80-f7f7-c136-9de81dc019b9}.Debug|Any CPU.ActiveCfg = Debug|Any CPU
		{4b6e45c7-9a80-f7f7-c136-9de81dc019b9}.Debug|Any CPU.Build.0 = Debug|Any CPU
		{fb4ce573-ad2b-4b96-2f54-793e741d8963}.Debug|Any CPU.ActiveCfg = Debug|Any CPU
		{fb4ce573-ad2b-4b96-2f54-793e741d8963}.Debug|Any CPU.Build.0 = Debug|Any CPU
	EndGlobalSection
	GlobalSection(SolutionProperties) = preSolution
		HideSolutionNode = FALSE
	EndGlobalSection
EndGlobal
